[Filters]
Names=R1_0,R1_0 (2),R1_1

[R1_0]
IsAnalysis=1
Booleans=1,1,1,1,1,1,1,1,1,1,1,1,1,1,1,1,0,1
IsAnd=1
FilterChildren=0
Cond1=Attribute.DES_Requirements.Target,equal,R1.0,AbstractRequirement
Cond2=Attribute.SYS_Requirements.Target,contains,R1.0,AbstractRequirement
Cond3=Attribute.DES_Requirements.Discipline,contains,SW,AbstractRequirement
Cond4=Attribute.ACR_Module.Target,contains,R1.0,AbstractRequirement
Cond5=Attribute.DES_Requirements.Status,notEqual,Obsolete,AbstractRequirement
Cond6=Attribute.SYS_Requirements.Status,notEqual,Obsolete,AbstractRequirement
Cond7=Attribute.ACR_Module.Status_ALV,contains,agreed,AbstractRequirement
Cond8=Attribute.ACR_Module.Electronics_Mechanics,contains,Electr,AbstractRequirement
Cond9=Attribute.SYS_Requirements.Discipline,contains,SW,AbstractRequirement
Cond10=Attribute.SYS_Requirements.Discipline,contains,SW,AbstractRequirement

[R1_0 (2)]
IsAnalysis=1
Booleans=1,1,1,1,1,1,1,1,1,1,1,1,1,1,1,1,0,1
IsAnd=1
FilterChildren=0
Cond1=Attribute.DES_Requirements.Target,equal,R1.0,AbstractRequirement
Cond2=Attribute.SYS_Requirements.Target,contains,R1.0,AbstractRequirement
Cond3=Attribute.DES_Requirements.Discipline,contains,SW,AbstractRequirement
Cond4=Attribute.DES_Requirements.Status,notEqual,Obsolete,AbstractRequirement
Cond5=Attribute.SYS_Requirements.Status,notEqual,Obsolete,AbstractRequirement
Cond6=Attribute.ACR_Module.Target,contains,R1.0,AbstractRequirement

[R1_1]
IsAnalysis=1
Booleans=1,1,1,1,1,1,1,1,1,1,1,1,1,1,1,1,0,1
IsAnd=1
FilterChildren=0
Cond1=Attribute.DES_Requirements.Target,infEqual,R1.1,AbstractRequirement
Cond2=Attribute.SYS_Requirements.Target,infEqual,B1_R1.1,AbstractRequirement
Cond3=Attribute.DES_Requirements.Discipline,contains,SW,AbstractRequirement
Cond4=Attribute.DES_Requirements.Status,notEqual,Obsolete,AbstractRequirement
Cond5=Attribute.SYS_Requirements.Status,notEqual,Obsolete,AbstractRequirement
Cond6=Attribute.ACR_Module.Target,infEqual,B1_R1.1,AbstractRequirement
